
Microsoft Visual Studio Solution File, Format Version 12.00
# Visual Studio Version 17
VisualStudioVersion = 17.14.36109.1 d17.14
MinimumVisualStudioVersion = 10.0.40219.1
Project("{FAE04EC0-301F-11D3-BF4B-00C04F79EFBC}") = "LuxaTeams", "LuxaTeams.csproj", "{7C56B97D-80DD-441A-9BD2-A4E7763505C0}"
EndProject
Global
	GlobalSection(SolutionConfigurationPlatforms) = preSolution
		Debug|Any CPU = Debug|Any CPU
		Release|Any CPU = Release|Any CPU
	EndGlobalSection
	GlobalSection(ProjectConfigurationPlatforms) = postSolution
		{7C56B97D-80DD-441A-9BD2-A4E7763505C0}.Debug|Any CPU.ActiveCfg = Debug|Any CPU
		{7C56B97D-80DD-441A-9BD2-A4E7763505C0}.Debug|Any CPU.Build.0 = Debug|Any CPU
		{7C56B97D-80DD-441A-9BD2-A4E7763505C0}.Release|Any CPU.ActiveCfg = Release|Any CPU
		{7C56B97D-80DD-441A-9BD2-A4E7763505C0}.Release|Any CPU.Build.0 = Release|Any CPU
	EndGlobalSection
	GlobalSection(SolutionProperties) = preSolution
		HideSolutionNode = FALSE
	EndGlobalSection
	GlobalSection(ExtensibilityGlobals) = postSolution
		SolutionGuid = {D730AB99-ED75-4F1C-860F-0115C9938102}
	EndGlobalSection
EndGlobal
